
Microsoft Visual Studio Solution File, Format Version 12.00
# Visual Studio Version 16
VisualStudioVersion = 16.0.31829.152
MinimumVisualStudioVersion = 10.0.40219.1
Project("{9A19103F-16F7-4668-BE54-9A1E7A4F7556}") = "OpenSky.FlightLogXML", "OpenSky.FlightLogXML\OpenSky.FlightLogXML.csproj", "{5D1FA906-FF99-41E3-85E8-83B12055D309}"
EndProject
Project("{FAE04EC0-301F-11D3-BF4B-00C04F79EFBC}") = "OpenSky.FlightLogXML.Tests", "OpenSky.FlightLogXML.Tests\OpenSky.FlightLogXML.Tests.csproj", "{EB70F56C-C90D-4FA5-AFA2-5ED093E5887E}"
EndProject
Global
	GlobalSection(SolutionConfigurationPlatforms) = preSolution
		Debug|Any CPU = Debug|Any CPU
		Release|Any CPU = Release|Any CPU
	EndGlobalSection
	GlobalSection(ProjectConfigurationPlatforms) = postSolution
		{5D1FA906-FF99-41E3-85E8-83B12055D309}.Debug|Any CPU.ActiveCfg = Debug|Any CPU
		{5D1FA906-FF99-41E3-85E8-83B12055D309}.Debug|Any CPU.Build.0 = Debug|Any CPU
		{5D1FA906-FF99-41E3-85E8-83B12055D309}.Release|Any CPU.ActiveCfg = Release|Any CPU
		{5D1FA906-FF99-41E3-85E8-83B12055D309}.Release|Any CPU.Build.0 = Release|Any CPU
		{EB70F56C-C90D-4FA5-AFA2-5ED093E5887E}.Debug|Any CPU.ActiveCfg = Debug|Any CPU
		{EB70F56C-C90D-4FA5-AFA2-5ED093E5887E}.Debug|Any CPU.Build.0 = Debug|Any CPU
		{EB70F56C-C90D-4FA5-AFA2-5ED093E5887E}.Release|Any CPU.ActiveCfg = Release|Any CPU
		{EB70F56C-C90D-4FA5-AFA2-5ED093E5887E}.Release|Any CPU.Build.0 = Release|Any CPU
	EndGlobalSection
	GlobalSection(SolutionProperties) = preSolution
		HideSolutionNode = FALSE
	EndGlobalSection
	GlobalSection(ExtensibilityGlobals) = postSolution
		SolutionGuid = {3F33D385-CDBD-4FD6-B192-6F61C443AEC1}
	EndGlobalSection
EndGlobal
